{
  "nodes": {
    "base": {
      "inputs": {
        "darwin": "darwin",
        "home-manager": "home-manager",
        "neovim-nightly-overlay": "neovim-nightly-overlay",
        "nh": "nh",
        "nixcord": "nixcord",
        "nixkit": "nixkit",
        "nixpkgs": "nixpkgs",
        "nixpkgs_fork": "nixpkgs_fork"
      },
      "locked": {
        "lastModified": 1758789407,
        "narHash": "sha256-gB5rZYQ50qjFacp9MP9iMnO33biZgTHDU3nggC9uXpE=",
        "owner": "ojsef39",
        "repo": "nix-base",
        "rev": "6ac42f33401fdec8217f22e118819c4d70eb5a5a",
        "type": "github"
      },
      "original": {
        "owner": "ojsef39",
        "repo": "nix-base",
        "type": "github"
      }
    },
    "darwin": {
      "inputs": {
        "nixpkgs": [
          "base",
          "nixpkgs"
        ]
      },
      "locked": {
        "lastModified": 1758805352,
        "narHash": "sha256-BHdc43Lkayd+72W/NXRKHzX5AZ+28F3xaUs3a88/Uew=",
        "rev": "c48e963a5558eb1c3827d59d21c5193622a1477c",
        "revCount": 2258,
        "type": "tarball",
        "url": "https://api.flakehub.com/f/pinned/nix-darwin/nix-darwin/0.1.2258%2Brev-c48e963a5558eb1c3827d59d21c5193622a1477c/0199810c-7c47-7962-aab8-70ba716b6583/source.tar.gz"
      },
      "original": {
        "type": "tarball",
        "url": "https://flakehub.com/f/nix-darwin/nix-darwin/0.1.tar.gz"
      }
    },
    "flake-compat": {
      "flake": false,
      "locked": {
        "lastModified": 1747046372,
        "narHash": "sha256-CIVLLkVgvHYbgI2UpXvIIBJ12HWgX+fjA8Xf8PUmqCY=",
        "owner": "edolstra",
        "repo": "flake-compat",
        "rev": "9100a0f413b0c601e0533d1d94ffd501ce2e7885",
        "type": "github"
      },
      "original": {
        "owner": "edolstra",
        "repo": "flake-compat",
        "type": "github"
      }
    },
    "flake-compat_2": {
      "flake": false,
      "locked": {
        "lastModified": 1747046372,
        "narHash": "sha256-CIVLLkVgvHYbgI2UpXvIIBJ12HWgX+fjA8Xf8PUmqCY=",
        "owner": "edolstra",
        "repo": "flake-compat",
        "rev": "9100a0f413b0c601e0533d1d94ffd501ce2e7885",
        "type": "github"
      },
      "original": {
        "owner": "edolstra",
        "repo": "flake-compat",
        "type": "github"
      }
    },
    "flake-compat_3": {
      "locked": {
        "lastModified": 1733328505,
        "narHash": "sha256-NeCCThCEP3eCl2l/+27kNNK7QrwZB1IJCrXfrbv5oqU=",
        "rev": "ff81ac966bb2cae68946d5ed5fc4994f96d0ffec",
        "revCount": 69,
        "type": "tarball",
        "url": "https://api.flakehub.com/f/pinned/edolstra/flake-compat/1.1.0/01948eb7-9cba-704f-bbf3-3fa956735b52/source.tar.gz?rev=ff81ac966bb2cae68946d5ed5fc4994f96d0ffec&revCount=69"
      },
      "original": {
        "type": "tarball",
        "url": "https://flakehub.com/f/edolstra/flake-compat/1.tar.gz"
      }
    },
    "flake-parts": {
      "inputs": {
        "nixpkgs-lib": [
          "base",
          "neovim-nightly-overlay",
          "nixpkgs"
        ]
      },
      "locked": {
        "lastModified": 1756770412,
        "narHash": "sha256-+uWLQZccFHwqpGqr2Yt5VsW/PbeJVTn9Dk6SHWhNRPw=",
        "owner": "hercules-ci",
        "repo": "flake-parts",
        "rev": "4524271976b625a4a605beefd893f270620fd751",
        "type": "github"
      },
      "original": {
        "owner": "hercules-ci",
        "repo": "flake-parts",
        "type": "github"
      }
    },
    "flake-parts_2": {
      "inputs": {
        "nixpkgs-lib": "nixpkgs-lib"
      },
      "locked": {
        "lastModified": 1754091436,
        "narHash": "sha256-XKqDMN1/Qj1DKivQvscI4vmHfDfvYR2pfuFOJiCeewM=",
        "owner": "hercules-ci",
        "repo": "flake-parts",
        "rev": "67df8c627c2c39c41dbec76a1f201929929ab0bd",
        "type": "github"
      },
      "original": {
        "owner": "hercules-ci",
        "repo": "flake-parts",
        "type": "github"
      }
    },
    "git-hooks": {
      "inputs": {
        "flake-compat": "flake-compat_2",
        "gitignore": "gitignore",
        "nixpkgs": [
          "base",
          "neovim-nightly-overlay",
          "nixpkgs"
        ]
      },
      "locked": {
        "lastModified": 1758108966,
        "narHash": "sha256-ytw7ROXaWZ7OfwHrQ9xvjpUWeGVm86pwnEd1QhzawIo=",
        "owner": "cachix",
        "repo": "git-hooks.nix",
        "rev": "54df955a695a84cd47d4a43e08e1feaf90b1fd9b",
        "type": "github"
      },
      "original": {
        "owner": "cachix",
        "repo": "git-hooks.nix",
        "type": "github"
      }
    },
    "gitignore": {
      "inputs": {
        "nixpkgs": [
          "base",
          "neovim-nightly-overlay",
          "git-hooks",
          "nixpkgs"
        ]
      },
      "locked": {
        "lastModified": 1709087332,
        "narHash": "sha256-HG2cCnktfHsKV0s4XW83gU3F57gaTljL9KNSuG6bnQs=",
        "owner": "hercules-ci",
        "repo": "gitignore.nix",
        "rev": "637db329424fd7e46cf4185293b9cc8c88c95394",
        "type": "github"
      },
      "original": {
        "owner": "hercules-ci",
        "repo": "gitignore.nix",
        "type": "github"
      }
    },
    "hercules-ci-effects": {
      "inputs": {
        "flake-parts": [
          "base",
          "neovim-nightly-overlay",
          "flake-parts"
        ],
        "nixpkgs": [
          "base",
          "neovim-nightly-overlay",
          "nixpkgs"
        ]
      },
      "locked": {
        "lastModified": 1758022363,
        "narHash": "sha256-ENUhCRWgSX4ni751HieNuQoq06dJvApV/Nm89kh+/A0=",
        "owner": "hercules-ci",
        "repo": "hercules-ci-effects",
        "rev": "1a3667d33e247ad35ca250698d63f49a5453d824",
        "type": "github"
      },
      "original": {
        "owner": "hercules-ci",
        "repo": "hercules-ci-effects",
        "type": "github"
      }
    },
    "home-manager": {
      "inputs": {
        "nixpkgs": [
          "base",
          "nixpkgs"
        ]
      },
      "locked": {
        "lastModified": 1758876467,
        "narHash": "sha256-ueGMsCYo6S6WiszKPpXoRCdMDVmsCwfA09L7blUEPlY=",
        "rev": "173a29f735c69950cfeaac310d7e567115976be0",
        "revCount": 5475,
        "type": "tarball",
        "url": "https://api.flakehub.com/f/pinned/nix-community/home-manager/0.1.5475%2Brev-173a29f735c69950cfeaac310d7e567115976be0/01998537-fef5-71fa-b9b6-9f06f5c6aba4/source.tar.gz"
      },
      "original": {
        "type": "tarball",
        "url": "https://flakehub.com/f/nix-community/home-manager/0.1.tar.gz"
      }
    },
    "neovim-nightly-overlay": {
      "inputs": {
        "flake-compat": "flake-compat",
        "flake-parts": "flake-parts",
        "git-hooks": "git-hooks",
        "hercules-ci-effects": "hercules-ci-effects",
        "neovim-src": "neovim-src",
        "nixpkgs": [
          "base",
          "nixpkgs"
        ],
        "treefmt-nix": "treefmt-nix"
      },
      "locked": {
        "lastModified": 1758845334,
        "narHash": "sha256-TqTOyOj8uegFCK5TR7uTo1rQHv87kaisLr/QCrmtsSU=",
        "owner": "nix-community",
        "repo": "neovim-nightly-overlay",
        "rev": "5ad5860a0400c6744fe36a637326fb7f24e57e0c",
        "type": "github"
      },
      "original": {
        "owner": "nix-community",
        "repo": "neovim-nightly-overlay",
        "type": "github"
      }
    },
    "neovim-src": {
      "flake": false,
      "locked": {
        "lastModified": 1758844459,
        "narHash": "sha256-TgxmHxm7/aLWhyqJJpyP21wvtt0jLo5OlhhXa3DqmRo=",
        "owner": "neovim",
        "repo": "neovim",
        "rev": "a9486fe7e1291a997175d6ab74450a73ff3bc090",
        "type": "github"
      },
      "original": {
        "owner": "neovim",
        "repo": "neovim",
        "type": "github"
      }
    },
    "nh": {
      "inputs": {
        "nixpkgs": [
          "base",
          "nixpkgs"
        ]
      },
      "locked": {
        "lastModified": 1757846222,
        "narHash": "sha256-papocgox6HOM+BJrWmWZuRnuDXi625diuC3sajCXd9A=",
        "owner": "nix-community",
        "repo": "nh",
        "rev": "8bf323483166797a204579a43ed8810113eb128c",
        "type": "github"
      },
      "original": {
        "owner": "nix-community",
        "repo": "nh",
        "type": "github"
      }
    },
    "nixcord": {
      "inputs": {
        "flake-compat": "flake-compat_3",
        "flake-parts": "flake-parts_2",
        "nixpkgs": [
          "base",
          "nixpkgs"
        ]
      },
      "locked": {
        "lastModified": 1758849548,
        "narHash": "sha256-scErJtjK9SQugiQ42kbEaIv/i90CwXUVFngMp3I+drk=",
        "owner": "kaylorben",
        "repo": "nixcord",
        "rev": "2b919972e8ea05f75704951e5b836a43ad5a16db",
        "type": "github"
      },
      "original": {
        "owner": "kaylorben",
        "repo": "nixcord",
        "type": "github"
      }
    },
    "nixkit": {
      "inputs": {
        "nixpkgs": [
          "base",
          "nixpkgs"
        ]
      },
      "locked": {
        "lastModified": 1757488202,
        "narHash": "sha256-KVLqkLvM1kQRE8noyTVLzGbzpGnHeD4P51Mu4oMMHdg=",
        "rev": "ad20445bd61f536a1b0a25b137cfd6e029ad0d77",
        "revCount": 56,
        "type": "tarball",
        "url": "https://api.flakehub.com/f/pinned/JHOFER-Cloud/frostplexx-nixkit/0.1.56%2Brev-ad20445bd61f536a1b0a25b137cfd6e029ad0d77/019934b1-fcf3-72ee-845f-bfd213691619/source.tar.gz"
      },
      "original": {
        "type": "tarball",
        "url": "https://flakehub.com/f/JHOFER-Cloud/frostplexx-nixkit/0.1.tar.gz"
      }
    },
    "nixpkgs": {
      "locked": {
        "lastModified": 1758763312,
        "narHash": "sha256-puBMviZhYlqOdUUgEmMVJpXqC/ToEqSvkyZ30qQ09xM=",
        "rev": "e57b3b16ad8758fd681511a078f35c416a8cc939",
        "revCount": 866984,
        "type": "tarball",
        "url": "https://api.flakehub.com/f/pinned/JHOFER-Cloud/NixOS-nixpkgs/0.1.866984%2Brev-e57b3b16ad8758fd681511a078f35c416a8cc939/01998486-f97b-7c6d-8dff-13388da4e36c/source.tar.gz"
      },
      "original": {
        "type": "tarball",
        "url": "https://flakehub.com/f/JHOFER-Cloud/NixOS-nixpkgs/0.1.tar.gz"
      }
    },
    "nixpkgs-lib": {
      "locked": {
        "lastModified": 1753579242,
        "narHash": "sha256-zvaMGVn14/Zz8hnp4VWT9xVnhc8vuL3TStRqwk22biA=",
        "owner": "nix-community",
        "repo": "nixpkgs.lib",
        "rev": "0f36c44e01a6129be94e3ade315a5883f0228a6e",
        "type": "github"
      },
      "original": {
        "owner": "nix-community",
        "repo": "nixpkgs.lib",
        "type": "github"
      }
    },
    "nixpkgs_fork": {
      "locked": {
        "lastModified": 1758800220,
        "narHash": "sha256-qdxumtvYlDcIpskmpKBkGKYVWxrDFtYN77sWqjnu7s8=",
        "owner": "ojsef39",
        "repo": "nixpkgs",
        "rev": "bce8a010ab466f399a1f0cfcd7ad29cd4cd38297",
        "type": "github"
      },
      "original": {
        "owner": "ojsef39",
        "ref": "mist",
        "repo": "nixpkgs",
        "type": "github"
      }
    },
    "root": {
      "inputs": {
        "base": "base",
        "darwin": [
          "base",
          "darwin"
        ],
        "home-manager": [
          "base",
          "home-manager"
        ],
        "nixcord": [
          "base",
          "nixcord"
        ],
        "nixpkgs": [
          "base",
          "nixpkgs"
        ]
      }
    },
    "treefmt-nix": {
      "inputs": {
        "nixpkgs": [
          "base",
          "neovim-nightly-overlay",
          "nixpkgs"
        ]
      },
      "locked": {
        "lastModified": 1758728421,
        "narHash": "sha256-ySNJ008muQAds2JemiyrWYbwbG+V7S5wg3ZVKGHSFu8=",
        "owner": "numtide",
        "repo": "treefmt-nix",
        "rev": "5eda4ee8121f97b218f7cc73f5172098d458f1d1",
        "type": "github"
      },
      "original": {
        "owner": "numtide",
        "repo": "treefmt-nix",
        "type": "github"
      }
    }
  },
  "root": "root",
  "version": 7
}
