{
  "nodes": {
    "base": {
      "inputs": {
        "darwin": "darwin",
        "home-manager": "home-manager",
        "nixcord": "nixcord",
        "nixkit": "nixkit",
        "nixpkgs": "nixpkgs",
        "nixpkgs_fork": "nixpkgs_fork"
      },
      "locked": {
        "lastModified": 1749709574,
        "narHash": "sha256-/NuhgKVEhaWOHR/JGdxwYxrOaF/pwZy8oTC4mJpE+Kc=",
        "owner": "ojsef39",
        "repo": "nix-base",
        "rev": "fa6df8c8542f2e377ff369b27f0811122aa3e760",
        "type": "github"
      },
      "original": {
        "owner": "ojsef39",
        "repo": "nix-base",
        "type": "github"
      }
    },
    "darwin": {
      "inputs": {
        "nixpkgs": [
          "base",
          "nixpkgs"
        ]
      },
      "locked": {
        "lastModified": 1749739639,
        "narHash": "sha256-oubMGIrW/vBdX+xw47LEcxrqYqZUdLYPE8xrLDKoBE8=",
        "owner": "lnl7",
        "repo": "nix-darwin",
        "rev": "72c88d5928196159e3a0d03e67b25d8044546ca6",
        "type": "github"
      },
      "original": {
        "owner": "lnl7",
        "ref": "master",
        "repo": "nix-darwin",
        "type": "github"
      }
    },
    "flake-compat": {
      "locked": {
        "lastModified": 1733328505,
        "narHash": "sha256-NeCCThCEP3eCl2l/+27kNNK7QrwZB1IJCrXfrbv5oqU=",
        "rev": "ff81ac966bb2cae68946d5ed5fc4994f96d0ffec",
        "revCount": 69,
        "type": "tarball",
        "url": "https://api.flakehub.com/f/pinned/edolstra/flake-compat/1.1.0/01948eb7-9cba-704f-bbf3-3fa956735b52/source.tar.gz?rev=ff81ac966bb2cae68946d5ed5fc4994f96d0ffec&revCount=69"
      },
      "original": {
        "type": "tarball",
        "url": "https://flakehub.com/f/edolstra/flake-compat/1.tar.gz"
      }
    },
    "flake-parts": {
      "inputs": {
        "nixpkgs-lib": "nixpkgs-lib"
      },
      "locked": {
        "lastModified": 1749398372,
        "narHash": "sha256-tYBdgS56eXYaWVW3fsnPQ/nFlgWi/Z2Ymhyu21zVM98=",
        "owner": "hercules-ci",
        "repo": "flake-parts",
        "rev": "9305fe4e5c2a6fcf5ba6a3ff155720fbe4076569",
        "type": "github"
      },
      "original": {
        "owner": "hercules-ci",
        "repo": "flake-parts",
        "type": "github"
      }
    },
    "home-manager": {
      "inputs": {
        "nixpkgs": [
          "base",
          "nixpkgs"
        ]
      },
      "locked": {
        "lastModified": 1749802021,
        "narHash": "sha256-MRScdVUyowbRQFMSt5af10HMeaR+AFvWpqtuYM0TDGw=",
        "owner": "nix-community",
        "repo": "home-manager",
        "rev": "f1113939873a62f185c18a51f4e45ae66686822b",
        "type": "github"
      },
      "original": {
        "owner": "nix-community",
        "repo": "home-manager",
        "type": "github"
      }
    },
    "nixcord": {
      "inputs": {
        "flake-compat": "flake-compat",
        "flake-parts": "flake-parts",
        "nixpkgs": [
          "base",
          "nixpkgs"
        ]
      },
      "locked": {
        "lastModified": 1749748286,
        "narHash": "sha256-wdhnP3MDgEu7bfU2tO+gjSqm8LsH2H3iNDk/1r78p8o=",
        "owner": "kaylorben",
        "repo": "nixcord",
        "rev": "138fc5c441f967690b5de2359c10777e9160c5f1",
        "type": "github"
      },
      "original": {
        "owner": "kaylorben",
        "repo": "nixcord",
        "type": "github"
      }
    },
    "nixkit": {
      "locked": {
        "lastModified": 1748507847,
        "narHash": "sha256-yimplF6h6Z61mtXZ6xkxbNEQoncqDmuI0IflQ5IdfrU=",
        "owner": "frostplexx",
        "repo": "nixkit",
        "rev": "2773549f21157ba62221bad5c2cb0c7943318943",
        "type": "github"
      },
      "original": {
        "owner": "frostplexx",
        "repo": "nixkit",
        "type": "github"
      }
    },
    "nixpkgs": {
      "locked": {
        "lastModified": 1749285348,
        "narHash": "sha256-frdhQvPbmDYaScPFiCnfdh3B/Vh81Uuoo0w5TkWmmjU=",
        "owner": "nixos",
        "repo": "nixpkgs",
        "rev": "3e3afe5174c561dee0df6f2c2b2236990146329f",
        "type": "github"
      },
      "original": {
        "owner": "nixos",
        "ref": "nixos-unstable",
        "repo": "nixpkgs",
        "type": "github"
      }
    },
    "nixpkgs-lib": {
      "locked": {
        "lastModified": 1748740939,
        "narHash": "sha256-rQaysilft1aVMwF14xIdGS3sj1yHlI6oKQNBRTF40cc=",
        "owner": "nix-community",
        "repo": "nixpkgs.lib",
        "rev": "656a64127e9d791a334452c6b6606d17539476e2",
        "type": "github"
      },
      "original": {
        "owner": "nix-community",
        "repo": "nixpkgs.lib",
        "type": "github"
      }
    },
    "nixpkgs_fork": {
      "locked": {
        "lastModified": 1749633761,
        "narHash": "sha256-o8Za70+/Kd8MFABH8A0qSJplMXDyWmFnLg4IsQ9e3SM=",
        "owner": "ojsef39",
        "repo": "nixpkgs",
        "rev": "c9a3579f873c3e61425c0ed0b474879930562cf6",
        "type": "github"
      },
      "original": {
        "owner": "ojsef39",
        "ref": "nixos-unstable",
        "repo": "nixpkgs",
        "type": "github"
      }
    },
    "root": {
      "inputs": {
        "base": "base",
        "darwin": [
          "base",
          "darwin"
        ],
        "home-manager": [
          "base",
          "home-manager"
        ],
        "nixcord": [
          "base",
          "nixcord"
        ],
        "nixpkgs": [
          "base",
          "nixpkgs"
        ]
      }
    }
  },
  "root": "root",
  "version": 7
}
