{
  "nodes": {
    "base": {
      "inputs": {
        "darwin": "darwin",
        "home-manager": "home-manager",
        "nh": "nh",
        "nix-darwin-linking": "nix-darwin-linking",
        "nixcord": "nixcord",
        "nixkit": "nixkit",
        "nixpkgs": "nixpkgs"
      },
      "locked": {
        "lastModified": 1755276044,
        "narHash": "sha256-LhlV4ahpvYiTfinDrEeF40Rh44yWQb1kMPUCSVnf6zQ=",
        "owner": "ojsef39",
        "repo": "nix-base",
        "rev": "fc187ef927f920c7e7e5b884d62ceaf15e6de6a5",
        "type": "github"
      },
      "original": {
        "owner": "ojsef39",
        "repo": "nix-base",
        "type": "github"
      }
    },
    "darwin": {
      "inputs": {
        "nixpkgs": [
          "base",
          "nixpkgs"
        ]
      },
      "locked": {
        "lastModified": 1751313918,
        "narHash": "sha256-HsJM3XLa43WpG+665aGEh8iS8AfEwOIQWk3Mke3e7nk=",
        "rev": "e04a388232d9a6ba56967ce5b53a8a6f713cdfcf",
        "revCount": 2227,
        "type": "tarball",
        "url": "https://api.flakehub.com/f/pinned/nix-darwin/nix-darwin/0.1.2227%2Brev-e04a388232d9a6ba56967ce5b53a8a6f713cdfcf/0197c2ad-2a2d-70ad-b8ff-f55c8a6ef69d/source.tar.gz"
      },
      "original": {
        "type": "tarball",
        "url": "https://flakehub.com/f/nix-darwin/nix-darwin/0.1.tar.gz"
      }
    },
    "flake-compat": {
      "locked": {
        "lastModified": 1733328505,
        "narHash": "sha256-NeCCThCEP3eCl2l/+27kNNK7QrwZB1IJCrXfrbv5oqU=",
        "rev": "ff81ac966bb2cae68946d5ed5fc4994f96d0ffec",
        "revCount": 69,
        "type": "tarball",
        "url": "https://api.flakehub.com/f/pinned/edolstra/flake-compat/1.1.0/01948eb7-9cba-704f-bbf3-3fa956735b52/source.tar.gz?rev=ff81ac966bb2cae68946d5ed5fc4994f96d0ffec&revCount=69"
      },
      "original": {
        "type": "tarball",
        "url": "https://flakehub.com/f/edolstra/flake-compat/1.tar.gz"
      }
    },
    "flake-parts": {
      "inputs": {
        "nixpkgs-lib": "nixpkgs-lib"
      },
      "locked": {
        "lastModified": 1754091436,
        "narHash": "sha256-XKqDMN1/Qj1DKivQvscI4vmHfDfvYR2pfuFOJiCeewM=",
        "owner": "hercules-ci",
        "repo": "flake-parts",
        "rev": "67df8c627c2c39c41dbec76a1f201929929ab0bd",
        "type": "github"
      },
      "original": {
        "owner": "hercules-ci",
        "repo": "flake-parts",
        "type": "github"
      }
    },
    "home-manager": {
      "inputs": {
        "nixpkgs": [
          "base",
          "nixpkgs"
        ]
      },
      "locked": {
        "lastModified": 1755229570,
        "narHash": "sha256-soZegto0xXzG2zYlu/zjknDHv0Z7tRS5EQs+Z/VRTBg=",
        "rev": "11626a4383b458f8dc5ea3237eaa04e8ab1912f3",
        "revCount": 5273,
        "type": "tarball",
        "url": "https://api.flakehub.com/f/pinned/nix-community/home-manager/0.1.5273%2Brev-11626a4383b458f8dc5ea3237eaa04e8ab1912f3/0198ac3d-f9a4-7d61-8c99-ddbdce64a47d/source.tar.gz"
      },
      "original": {
        "type": "tarball",
        "url": "https://flakehub.com/f/nix-community/home-manager/0.1.tar.gz"
      }
    },
    "nh": {
      "inputs": {
        "nixpkgs": [
          "base",
          "nixpkgs"
        ]
      },
      "locked": {
        "lastModified": 1754913455,
        "narHash": "sha256-pnq15m/78lyeGNOxNSS/p2ndAN9bBUgcf4+D+pTm5ps=",
        "owner": "nix-community",
        "repo": "nh",
        "rev": "dad5d56c9c1d4e1f04857d56b629b99e8b8eab7c",
        "type": "github"
      },
      "original": {
        "owner": "nix-community",
        "repo": "nh",
        "type": "github"
      }
    },
    "nix-darwin-linking": {
      "inputs": {
        "nixpkgs": [
          "base",
          "nixpkgs"
        ]
      },
      "locked": {
        "lastModified": 1750492472,
        "narHash": "sha256-0FKpJlzwgbvM2eD+hq9M363CEStiJUAh880fsIBMwUQ=",
        "owner": "dwt",
        "repo": "nix-darwin",
        "rev": "be2d7d653567f49223d4d675e4a7d268a6ce90ba",
        "type": "github"
      },
      "original": {
        "owner": "dwt",
        "ref": "application-linking-done-right",
        "repo": "nix-darwin",
        "type": "github"
      }
    },
    "nixcord": {
      "inputs": {
        "flake-compat": "flake-compat",
        "flake-parts": "flake-parts",
        "nixpkgs": [
          "base",
          "nixpkgs"
        ]
      },
      "locked": {
        "lastModified": 1755220078,
        "narHash": "sha256-4XhUSD76ZPFZrmsN9qHX/XrWuuETi0qPxXtGk5EhnRA=",
        "owner": "kaylorben",
        "repo": "nixcord",
        "rev": "dd183a04fd0990a9fd25bda7413180be122cf753",
        "type": "github"
      },
      "original": {
        "owner": "kaylorben",
        "repo": "nixcord",
        "type": "github"
      }
    },
    "nixkit": {
      "inputs": {
        "nixpkgs": [
          "base",
          "nixpkgs"
        ]
      },
      "locked": {
        "lastModified": 1754232724,
        "narHash": "sha256-5R/Xs94qdmitZf5Plt1qjhU61ftYAXvGNLtZ6+vj0Ko=",
        "owner": "frostplexx",
        "repo": "nixkit",
        "rev": "5a7573be0cf23027f1d5fea10d461a420f59badf",
        "type": "github"
      },
      "original": {
        "owner": "frostplexx",
        "repo": "nixkit",
        "type": "github"
      }
    },
    "nixpkgs": {
      "locked": {
        "lastModified": 1754725699,
        "narHash": "sha256-iAcj9T/Y+3DBy2J0N+yF9XQQQ8IEb5swLFzs23CdP88=",
        "rev": "85dbfc7aaf52ecb755f87e577ddbe6dbbdbc1054",
        "revCount": 841808,
        "type": "tarball",
        "url": "https://api.flakehub.com/f/pinned/NixOS/nixpkgs/0.1.841808%2Brev-85dbfc7aaf52ecb755f87e577ddbe6dbbdbc1054/01989280-4b63-70f9-95b3-49c511cb4d92/source.tar.gz"
      },
      "original": {
        "type": "tarball",
        "url": "https://flakehub.com/f/NixOS/nixpkgs/0.1.tar.gz"
      }
    },
    "nixpkgs-lib": {
      "locked": {
        "lastModified": 1753579242,
        "narHash": "sha256-zvaMGVn14/Zz8hnp4VWT9xVnhc8vuL3TStRqwk22biA=",
        "owner": "nix-community",
        "repo": "nixpkgs.lib",
        "rev": "0f36c44e01a6129be94e3ade315a5883f0228a6e",
        "type": "github"
      },
      "original": {
        "owner": "nix-community",
        "repo": "nixpkgs.lib",
        "type": "github"
      }
    },
    "root": {
      "inputs": {
        "base": "base",
        "darwin": [
          "base",
          "darwin"
        ],
        "home-manager": [
          "base",
          "home-manager"
        ],
        "nixcord": [
          "base",
          "nixcord"
        ],
        "nixpkgs": [
          "base",
          "nixpkgs"
        ]
      }
    }
  },
  "root": "root",
  "version": 7
}
